
Microsoft Visual Studio Solution File, Format Version 12.00
# Visual Studio 14
VisualStudioVersion = 14.0.25420.1
MinimumVisualStudioVersion = 10.0.40219.1
Project("{FAE04EC0-301F-11D3-BF4B-00C04F79EFBC}") = "GraphQL", "src\GraphQL\GraphQL.csproj", "{C0E08B04-8A0D-4196-967C-8850825041B0}"
EndProject
Project("{FAE04EC0-301F-11D3-BF4B-00C04F79EFBC}") = "GraphQL.Tests", "src\GraphQL.Tests\GraphQL.Tests.csproj", "{084E1E35-14BD-414B-97B6-1A6469CD1893}"
EndProject
Project("{FAE04EC0-301F-11D3-BF4B-00C04F79EFBC}") = "GraphQL.GraphiQL", "src\GraphQL.GraphiQL\GraphQL.GraphiQL.csproj", "{EE557888-1CD2-4E87-BD87-06834C988B23}"
EndProject
Project("{FAE04EC0-301F-11D3-BF4B-00C04F79EFBC}") = "GraphQL.StarWars", "src\GraphQL.StarWars\GraphQL.StarWars.csproj", "{3255C0DC-9F24-4423-8BA3-3B979D0E90E2}"
EndProject
Project("{FAE04EC0-301F-11D3-BF4B-00C04F79EFBC}") = "GraphQL.Language", "src\GraphQL.Language\GraphQL.Language.csproj", "{75885B61-3825-4EF0-BBC1-86E098518035}"
EndProject
Project("{FAE04EC0-301F-11D3-BF4B-00C04F79EFBC}") = "GraphQL.Language.Tests", "src\GraphQL.Language.Tests\GraphQL.Language.Tests.csproj", "{AA8CFAB5-E9C3-42BF-9E63-CA6B191BCEFF}"
EndProject
Global
	GlobalSection(SolutionConfigurationPlatforms) = preSolution
		Debug|Any CPU = Debug|Any CPU
		Release|Any CPU = Release|Any CPU
	EndGlobalSection
	GlobalSection(ProjectConfigurationPlatforms) = postSolution
		{C0E08B04-8A0D-4196-967C-8850825041B0}.Debug|Any CPU.ActiveCfg = Debug|Any CPU
		{C0E08B04-8A0D-4196-967C-8850825041B0}.Debug|Any CPU.Build.0 = Debug|Any CPU
		{C0E08B04-8A0D-4196-967C-8850825041B0}.Release|Any CPU.ActiveCfg = Release|Any CPU
		{C0E08B04-8A0D-4196-967C-8850825041B0}.Release|Any CPU.Build.0 = Release|Any CPU
		{084E1E35-14BD-414B-97B6-1A6469CD1893}.Debug|Any CPU.ActiveCfg = Debug|Any CPU
		{084E1E35-14BD-414B-97B6-1A6469CD1893}.Debug|Any CPU.Build.0 = Debug|Any CPU
		{084E1E35-14BD-414B-97B6-1A6469CD1893}.Release|Any CPU.ActiveCfg = Release|Any CPU
		{084E1E35-14BD-414B-97B6-1A6469CD1893}.Release|Any CPU.Build.0 = Release|Any CPU
		{EE557888-1CD2-4E87-BD87-06834C988B23}.Debug|Any CPU.ActiveCfg = Debug|Any CPU
		{EE557888-1CD2-4E87-BD87-06834C988B23}.Debug|Any CPU.Build.0 = Debug|Any CPU
		{EE557888-1CD2-4E87-BD87-06834C988B23}.Release|Any CPU.ActiveCfg = Release|Any CPU
		{EE557888-1CD2-4E87-BD87-06834C988B23}.Release|Any CPU.Build.0 = Release|Any CPU
		{3255C0DC-9F24-4423-8BA3-3B979D0E90E2}.Debug|Any CPU.ActiveCfg = Debug|Any CPU
		{3255C0DC-9F24-4423-8BA3-3B979D0E90E2}.Debug|Any CPU.Build.0 = Debug|Any CPU
		{3255C0DC-9F24-4423-8BA3-3B979D0E90E2}.Release|Any CPU.ActiveCfg = Release|Any CPU
		{3255C0DC-9F24-4423-8BA3-3B979D0E90E2}.Release|Any CPU.Build.0 = Release|Any CPU
		{75885B61-3825-4EF0-BBC1-86E098518035}.Debug|Any CPU.ActiveCfg = Debug|Any CPU
		{75885B61-3825-4EF0-BBC1-86E098518035}.Debug|Any CPU.Build.0 = Debug|Any CPU
		{75885B61-3825-4EF0-BBC1-86E098518035}.Release|Any CPU.ActiveCfg = Release|Any CPU
		{75885B61-3825-4EF0-BBC1-86E098518035}.Release|Any CPU.Build.0 = Release|Any CPU
		{AA8CFAB5-E9C3-42BF-9E63-CA6B191BCEFF}.Debug|Any CPU.ActiveCfg = Debug|Any CPU
		{AA8CFAB5-E9C3-42BF-9E63-CA6B191BCEFF}.Debug|Any CPU.Build.0 = Debug|Any CPU
		{AA8CFAB5-E9C3-42BF-9E63-CA6B191BCEFF}.Release|Any CPU.ActiveCfg = Release|Any CPU
		{AA8CFAB5-E9C3-42BF-9E63-CA6B191BCEFF}.Release|Any CPU.Build.0 = Release|Any CPU
	EndGlobalSection
	GlobalSection(SolutionProperties) = preSolution
		HideSolutionNode = FALSE
	EndGlobalSection
EndGlobal
