
Microsoft Visual Studio Solution File, Format Version 12.00
# Visual Studio 14
VisualStudioVersion = 14.0.25420.1
MinimumVisualStudioVersion = 10.0.40219.1
Project("{FAE04EC0-301F-11D3-BF4B-00C04F79EFBC}") = "GraphQL", "src\GraphQL\GraphQL.csproj", "{C0E08B04-8A0D-4196-967C-8850825041B0}"
EndProject
Project("{FAE04EC0-301F-11D3-BF4B-00C04F79EFBC}") = "GraphQL.Tests", "src\GraphQL.Tests\GraphQL.Tests.csproj", "{084E1E35-14BD-414B-97B6-1A6469CD1893}"
EndProject
Project("{FAE04EC0-301F-11D3-BF4B-00C04F79EFBC}") = "GraphQL.GraphiQL", "src\GraphQL.GraphiQL\GraphQL.GraphiQL.csproj", "{EE557888-1CD2-4E87-BD87-06834C988B23}"
EndProject
Project("{FAE04EC0-301F-11D3-BF4B-00C04F79EFBC}") = "GraphQL.StarWars", "src\GraphQL.StarWars\GraphQL.StarWars.csproj", "{3255C0DC-9F24-4423-8BA3-3B979D0E90E2}"
EndProject
Project("{FAE04EC0-301F-11D3-BF4B-00C04F79EFBC}") = "GraphQl.SchemaGenerator", "src\GraphQl.SchemaGenerator\GraphQl.SchemaGenerator.csproj", "{0FF5301B-4CD7-409A-9D02-9390DE7BEBA3}"
EndProject
Project("{FAE04EC0-301F-11D3-BF4B-00C04F79EFBC}") = "GraphQl.SchemaGenerator.Tests", "src\GraphQl.SchemaGenerator.Tests\GraphQl.SchemaGenerator.Tests.csproj", "{4052E386-847B-4F3C-957C-0B957E319127}"
EndProject
Project("{FAE04EC0-301F-11D3-BF4B-00C04F79EFBC}") = "GraphQl.StarWars.Api", "src\GraphQl.StarWars.Api\GraphQl.StarWars.Api.csproj", "{713FF943-2BB4-4A1C-B049-0894414BAFA8}"
EndProject
Global
	GlobalSection(SolutionConfigurationPlatforms) = preSolution
		Debug|Any CPU = Debug|Any CPU
		Release|Any CPU = Release|Any CPU
	EndGlobalSection
	GlobalSection(ProjectConfigurationPlatforms) = postSolution
		{C0E08B04-8A0D-4196-967C-8850825041B0}.Debug|Any CPU.ActiveCfg = Debug|Any CPU
		{C0E08B04-8A0D-4196-967C-8850825041B0}.Debug|Any CPU.Build.0 = Debug|Any CPU
		{C0E08B04-8A0D-4196-967C-8850825041B0}.Release|Any CPU.ActiveCfg = Release|Any CPU
		{C0E08B04-8A0D-4196-967C-8850825041B0}.Release|Any CPU.Build.0 = Release|Any CPU
		{084E1E35-14BD-414B-97B6-1A6469CD1893}.Debug|Any CPU.ActiveCfg = Debug|Any CPU
		{084E1E35-14BD-414B-97B6-1A6469CD1893}.Debug|Any CPU.Build.0 = Debug|Any CPU
		{084E1E35-14BD-414B-97B6-1A6469CD1893}.Release|Any CPU.ActiveCfg = Release|Any CPU
		{084E1E35-14BD-414B-97B6-1A6469CD1893}.Release|Any CPU.Build.0 = Release|Any CPU
		{EE557888-1CD2-4E87-BD87-06834C988B23}.Debug|Any CPU.ActiveCfg = Debug|Any CPU
		{EE557888-1CD2-4E87-BD87-06834C988B23}.Debug|Any CPU.Build.0 = Debug|Any CPU
		{EE557888-1CD2-4E87-BD87-06834C988B23}.Release|Any CPU.ActiveCfg = Release|Any CPU
		{EE557888-1CD2-4E87-BD87-06834C988B23}.Release|Any CPU.Build.0 = Release|Any CPU
		{3255C0DC-9F24-4423-8BA3-3B979D0E90E2}.Debug|Any CPU.ActiveCfg = Debug|Any CPU
		{3255C0DC-9F24-4423-8BA3-3B979D0E90E2}.Debug|Any CPU.Build.0 = Debug|Any CPU
		{3255C0DC-9F24-4423-8BA3-3B979D0E90E2}.Release|Any CPU.ActiveCfg = Release|Any CPU
		{3255C0DC-9F24-4423-8BA3-3B979D0E90E2}.Release|Any CPU.Build.0 = Release|Any CPU
		{0FF5301B-4CD7-409A-9D02-9390DE7BEBA3}.Debug|Any CPU.ActiveCfg = Debug|Any CPU
		{0FF5301B-4CD7-409A-9D02-9390DE7BEBA3}.Debug|Any CPU.Build.0 = Debug|Any CPU
		{0FF5301B-4CD7-409A-9D02-9390DE7BEBA3}.Release|Any CPU.ActiveCfg = Release|Any CPU
		{0FF5301B-4CD7-409A-9D02-9390DE7BEBA3}.Release|Any CPU.Build.0 = Release|Any CPU
		{4052E386-847B-4F3C-957C-0B957E319127}.Debug|Any CPU.ActiveCfg = Debug|Any CPU
		{4052E386-847B-4F3C-957C-0B957E319127}.Debug|Any CPU.Build.0 = Debug|Any CPU
		{4052E386-847B-4F3C-957C-0B957E319127}.Release|Any CPU.ActiveCfg = Release|Any CPU
		{4052E386-847B-4F3C-957C-0B957E319127}.Release|Any CPU.Build.0 = Release|Any CPU
		{713FF943-2BB4-4A1C-B049-0894414BAFA8}.Debug|Any CPU.ActiveCfg = Debug|Any CPU
		{713FF943-2BB4-4A1C-B049-0894414BAFA8}.Debug|Any CPU.Build.0 = Debug|Any CPU
		{713FF943-2BB4-4A1C-B049-0894414BAFA8}.Release|Any CPU.ActiveCfg = Release|Any CPU
		{713FF943-2BB4-4A1C-B049-0894414BAFA8}.Release|Any CPU.Build.0 = Release|Any CPU
	EndGlobalSection
	GlobalSection(SolutionProperties) = preSolution
		HideSolutionNode = FALSE
	EndGlobalSection
EndGlobal
