
Microsoft Visual Studio Solution File, Format Version 12.00
#
Project("{FAE04EC0-301F-11D3-BF4B-00C04F79EFBC}") = "GraphQL.Harness", "GraphQL.Harness\GraphQL.Harness.csproj", "{1B0B9EEA-1C20-41C4-88D3-35CA91DDFB27}"
EndProject
Project("{FAE04EC0-301F-11D3-BF4B-00C04F79EFBC}") = "GraphQL.Harness.Tests", "GraphQL.Harness.Tests\GraphQL.Harness.Tests.csproj", "{3480F5C4-462A-4C74-89AF-8DC84AFA63E3}"
EndProject
Project("{FAE04EC0-301F-11D3-BF4B-00C04F79EFBC}") = "GraphQL.AotCompilationSample.CodeFirst", "GraphQL.AotCompilationSample.CodeFirst\GraphQL.AotCompilationSample.CodeFirst.csproj", "{8C73FC87-FEA6-4DCC-A74D-0DBD961AB9B8}"
EndProject
Project("{FAE04EC0-301F-11D3-BF4B-00C04F79EFBC}") = "GraphQL.AotCompilationSample.TypeFirst", "GraphQL.AotCompilationSample.TypeFirst\GraphQL.AotCompilationSample.TypeFirst.csproj", "{178306CC-EC4B-4D73-AE97-609CE5B9DBF9}"
EndProject
Project("{FAE04EC0-301F-11D3-BF4B-00C04F79EFBC}") = "GraphQL.Federation.CodeFirst.Sample3", "GraphQL.Federation.CodeFirst.Sample3\GraphQL.Federation.CodeFirst.Sample3.csproj", "{2356F3C3-C71C-4B54-8620-EEBB6B9498AD}"
EndProject
Project("{FAE04EC0-301F-11D3-BF4B-00C04F79EFBC}") = "GraphQL.Federation.SchemaFirst.Sample1", "GraphQL.Federation.SchemaFirst.Sample1\GraphQL.Federation.SchemaFirst.Sample1.csproj", "{27B0B949-0B92-4EF2-86FC-9188A233378F}"
EndProject
Project("{FAE04EC0-301F-11D3-BF4B-00C04F79EFBC}") = "GraphQL.Federation.SchemaFirst.Sample2", "GraphQL.Federation.SchemaFirst.Sample2\GraphQL.Federation.SchemaFirst.Sample2.csproj", "{4851E9E1-6BCA-449C-AC35-07961011474A}"
EndProject
Project("{FAE04EC0-301F-11D3-BF4B-00C04F79EFBC}") = "GraphQL.Federation.TypeFirst.Sample4", "GraphQL.Federation.TypeFirst.Sample4\GraphQL.Federation.TypeFirst.Sample4.csproj", "{455E340D-9EF9-45B0-8B72-8362D66E58A7}"
EndProject
Project("{2150E333-8FDC-42A3-9474-1A3956D46DE8}") = "GraphQL.Net", "GraphQL.Net", "{1D80A982-94E2-4C0A-8947-E36275CA6423}"
EndProject
Project("{FAE04EC0-301F-11D3-BF4B-00C04F79EFBC}") = "GraphQL.SystemTextJson", "..\src\GraphQL.SystemTextJson\GraphQL.SystemTextJson.csproj", "{E47F8D5E-B206-4C25-8654-9F890D326BCD}"
EndProject
Project("{FAE04EC0-301F-11D3-BF4B-00C04F79EFBC}") = "ProjectAdder", "ProjectAdder\ProjectAdder.csproj", "{9847D65A-5E27-46CC-AC2B-57DAE947E00B}"
EndProject
Project("{FAE04EC0-301F-11D3-BF4B-00C04F79EFBC}") = "GraphQL.Analyzers.Package", "..\src\GraphQL.Analyzers.Package\GraphQL.Analyzers.Package.csproj", "{95B1C93B-3248-4AC6-B162-2FA59FA0FAE8}"
EndProject
Project("{FAE04EC0-301F-11D3-BF4B-00C04F79EFBC}") = "GraphQL.StarWars", "..\src\GraphQL.StarWars\GraphQL.StarWars.csproj", "{9C2E5506-870D-4A85-827D-E337F661EEB7}"
EndProject
Project("{FAE04EC0-301F-11D3-BF4B-00C04F79EFBC}") = "GraphQL", "..\src\GraphQL\GraphQL.csproj", "{BB8DAA75-7BFB-45A0-B1FB-9E75AD1E55BA}"
EndProject
Project("{FAE04EC0-301F-11D3-BF4B-00C04F79EFBC}") = "GraphQL.Analyzers", "..\src\GraphQL.Analyzers\GraphQL.Analyzers.csproj", "{C1BB641F-74DC-4FF5-A0F5-D34C391AD079}"
EndProject
Project("{FAE04EC0-301F-11D3-BF4B-00C04F79EFBC}") = "GraphQL.Analyzers.CodeFixes", "..\src\GraphQL.Analyzers.CodeFixes\GraphQL.Analyzers.CodeFixes.csproj", "{66A3DFD4-9D11-400D-899C-B5B4D2179A36}"
EndProject
Project("{FAE04EC0-301F-11D3-BF4B-00C04F79EFBC}") = "GraphQL.Analyzers.Tests", "..\src\GraphQL.Analyzers.Tests\GraphQL.Analyzers.Tests.csproj", "{67BF5D01-5D58-488E-B751-59B35127906D}"
EndProject
Project("{FAE04EC0-301F-11D3-BF4B-00C04F79EFBC}") = "GraphQL.ApiTests", "..\src\GraphQL.ApiTests\GraphQL.ApiTests.csproj", "{CCF788D3-80AD-4F4F-A57C-5940DD1C5FCC}"
EndProject
Project("{FAE04EC0-301F-11D3-BF4B-00C04F79EFBC}") = "GraphQL.Benchmarks", "..\src\GraphQL.Benchmarks\GraphQL.Benchmarks.csproj", "{C6402FD7-5051-4BAF-B89A-44D538AB2A29}"
EndProject
Project("{FAE04EC0-301F-11D3-BF4B-00C04F79EFBC}") = "GraphQL.Benchmarks.Merge", "..\src\GraphQL.Benchmarks.Merge\GraphQL.Benchmarks.Merge.csproj", "{9FCBE2E4-8071-464F-BFF6-D113EF761EE1}"
EndProject
Project("{FAE04EC0-301F-11D3-BF4B-00C04F79EFBC}") = "GraphQL.DataLoader", "..\src\GraphQL.DataLoader\GraphQL.DataLoader.csproj", "{B304ADD4-768D-4687-9E2C-451ED833016C}"
EndProject
Project("{FAE04EC0-301F-11D3-BF4B-00C04F79EFBC}") = "GraphQL.DataLoader.Tests", "..\src\GraphQL.DataLoader.Tests\GraphQL.DataLoader.Tests.csproj", "{553B77C6-5836-487D-9136-0E4A6A239CD6}"
EndProject
Project("{FAE04EC0-301F-11D3-BF4B-00C04F79EFBC}") = "GraphQL.Dummy", "..\src\GraphQL.Dummy\GraphQL.Dummy.csproj", "{CB593158-3399-4C95-89BC-87E61A5EE450}"
EndProject
Project("{FAE04EC0-301F-11D3-BF4B-00C04F79EFBC}") = "GraphQL.MemoryCache", "..\src\GraphQL.MemoryCache\GraphQL.MemoryCache.csproj", "{3911A19A-E4AB-4A58-83AB-7FFBF2984450}"
EndProject
Project("{FAE04EC0-301F-11D3-BF4B-00C04F79EFBC}") = "GraphQL.MicrosoftDI", "..\src\GraphQL.MicrosoftDI\GraphQL.MicrosoftDI.csproj", "{D47E033F-95B1-488B-88BC-C3A0304F08BA}"
EndProject
Project("{FAE04EC0-301F-11D3-BF4B-00C04F79EFBC}") = "GraphQL.MicrosoftDI.Tests", "..\src\GraphQL.MicrosoftDI.Tests\GraphQL.MicrosoftDI.Tests.csproj", "{5AA98052-6840-40E6-8826-D0B69F946847}"
EndProject
Project("{FAE04EC0-301F-11D3-BF4B-00C04F79EFBC}") = "GraphQL.NewtonsoftJson", "..\src\GraphQL.NewtonsoftJson\GraphQL.NewtonsoftJson.csproj", "{7341D55B-DE81-4262-B7EF-1E9951B3CC3D}"
EndProject
Project("{FAE04EC0-301F-11D3-BF4B-00C04F79EFBC}") = "GraphQL.StarWars.TypeFirst", "..\src\GraphQL.StarWars.TypeFirst\GraphQL.StarWars.TypeFirst.csproj", "{87D0AF12-8792-4FA8-A9DE-FFD007A42113}"
EndProject
Global
	GlobalSection(SolutionConfigurationPlatforms) = preSolution
		Debug|Any CPU = Debug|Any CPU
		Release|Any CPU = Release|Any CPU
	EndGlobalSection
	GlobalSection(ProjectConfigurationPlatforms) = postSolution
		{1B0B9EEA-1C20-41C4-88D3-35CA91DDFB27}.Debug|Any CPU.ActiveCfg = Debug|Any CPU
		{1B0B9EEA-1C20-41C4-88D3-35CA91DDFB27}.Debug|Any CPU.Build.0 = Debug|Any CPU
		{1B0B9EEA-1C20-41C4-88D3-35CA91DDFB27}.Release|Any CPU.ActiveCfg = Release|Any CPU
		{1B0B9EEA-1C20-41C4-88D3-35CA91DDFB27}.Release|Any CPU.Build.0 = Release|Any CPU
		{3480F5C4-462A-4C74-89AF-8DC84AFA63E3}.Debug|Any CPU.ActiveCfg = Debug|Any CPU
		{3480F5C4-462A-4C74-89AF-8DC84AFA63E3}.Debug|Any CPU.Build.0 = Debug|Any CPU
		{3480F5C4-462A-4C74-89AF-8DC84AFA63E3}.Release|Any CPU.ActiveCfg = Release|Any CPU
		{3480F5C4-462A-4C74-89AF-8DC84AFA63E3}.Release|Any CPU.Build.0 = Release|Any CPU
		{8C73FC87-FEA6-4DCC-A74D-0DBD961AB9B8}.Debug|Any CPU.ActiveCfg = Debug|Any CPU
		{8C73FC87-FEA6-4DCC-A74D-0DBD961AB9B8}.Debug|Any CPU.Build.0 = Debug|Any CPU
		{8C73FC87-FEA6-4DCC-A74D-0DBD961AB9B8}.Release|Any CPU.ActiveCfg = Release|Any CPU
		{8C73FC87-FEA6-4DCC-A74D-0DBD961AB9B8}.Release|Any CPU.Build.0 = Release|Any CPU
		{178306CC-EC4B-4D73-AE97-609CE5B9DBF9}.Debug|Any CPU.ActiveCfg = Debug|Any CPU
		{178306CC-EC4B-4D73-AE97-609CE5B9DBF9}.Debug|Any CPU.Build.0 = Debug|Any CPU
		{178306CC-EC4B-4D73-AE97-609CE5B9DBF9}.Release|Any CPU.ActiveCfg = Release|Any CPU
		{178306CC-EC4B-4D73-AE97-609CE5B9DBF9}.Release|Any CPU.Build.0 = Release|Any CPU
		{2356F3C3-C71C-4B54-8620-EEBB6B9498AD}.Debug|Any CPU.ActiveCfg = Debug|Any CPU
		{2356F3C3-C71C-4B54-8620-EEBB6B9498AD}.Debug|Any CPU.Build.0 = Debug|Any CPU
		{2356F3C3-C71C-4B54-8620-EEBB6B9498AD}.Release|Any CPU.ActiveCfg = Release|Any CPU
		{2356F3C3-C71C-4B54-8620-EEBB6B9498AD}.Release|Any CPU.Build.0 = Release|Any CPU
		{27B0B949-0B92-4EF2-86FC-9188A233378F}.Debug|Any CPU.ActiveCfg = Debug|Any CPU
		{27B0B949-0B92-4EF2-86FC-9188A233378F}.Debug|Any CPU.Build.0 = Debug|Any CPU
		{27B0B949-0B92-4EF2-86FC-9188A233378F}.Release|Any CPU.ActiveCfg = Release|Any CPU
		{27B0B949-0B92-4EF2-86FC-9188A233378F}.Release|Any CPU.Build.0 = Release|Any CPU
		{4851E9E1-6BCA-449C-AC35-07961011474A}.Debug|Any CPU.ActiveCfg = Debug|Any CPU
		{4851E9E1-6BCA-449C-AC35-07961011474A}.Debug|Any CPU.Build.0 = Debug|Any CPU
		{4851E9E1-6BCA-449C-AC35-07961011474A}.Release|Any CPU.ActiveCfg = Release|Any CPU
		{4851E9E1-6BCA-449C-AC35-07961011474A}.Release|Any CPU.Build.0 = Release|Any CPU
		{455E340D-9EF9-45B0-8B72-8362D66E58A7}.Debug|Any CPU.ActiveCfg = Debug|Any CPU
		{455E340D-9EF9-45B0-8B72-8362D66E58A7}.Debug|Any CPU.Build.0 = Debug|Any CPU
		{455E340D-9EF9-45B0-8B72-8362D66E58A7}.Release|Any CPU.ActiveCfg = Release|Any CPU
		{455E340D-9EF9-45B0-8B72-8362D66E58A7}.Release|Any CPU.Build.0 = Release|Any CPU
		{E47F8D5E-B206-4C25-8654-9F890D326BCD}.Debug|Any CPU.ActiveCfg = Debug|Any CPU
		{E47F8D5E-B206-4C25-8654-9F890D326BCD}.Debug|Any CPU.Build.0 = Debug|Any CPU
		{E47F8D5E-B206-4C25-8654-9F890D326BCD}.Release|Any CPU.ActiveCfg = Release|Any CPU
		{E47F8D5E-B206-4C25-8654-9F890D326BCD}.Release|Any CPU.Build.0 = Release|Any CPU
		{9847D65A-5E27-46CC-AC2B-57DAE947E00B}.Debug|Any CPU.ActiveCfg = Debug|Any CPU
		{9847D65A-5E27-46CC-AC2B-57DAE947E00B}.Debug|Any CPU.Build.0 = Debug|Any CPU
		{9847D65A-5E27-46CC-AC2B-57DAE947E00B}.Release|Any CPU.ActiveCfg = Release|Any CPU
		{9847D65A-5E27-46CC-AC2B-57DAE947E00B}.Release|Any CPU.Build.0 = Release|Any CPU
		{95B1C93B-3248-4AC6-B162-2FA59FA0FAE8}.Debug|Any CPU.ActiveCfg = Debug|Any CPU
		{95B1C93B-3248-4AC6-B162-2FA59FA0FAE8}.Debug|Any CPU.Build.0 = Debug|Any CPU
		{95B1C93B-3248-4AC6-B162-2FA59FA0FAE8}.Release|Any CPU.ActiveCfg = Release|Any CPU
		{95B1C93B-3248-4AC6-B162-2FA59FA0FAE8}.Release|Any CPU.Build.0 = Release|Any CPU
		{9C2E5506-870D-4A85-827D-E337F661EEB7}.Debug|Any CPU.ActiveCfg = Debug|Any CPU
		{9C2E5506-870D-4A85-827D-E337F661EEB7}.Debug|Any CPU.Build.0 = Debug|Any CPU
		{9C2E5506-870D-4A85-827D-E337F661EEB7}.Release|Any CPU.ActiveCfg = Release|Any CPU
		{9C2E5506-870D-4A85-827D-E337F661EEB7}.Release|Any CPU.Build.0 = Release|Any CPU
		{BB8DAA75-7BFB-45A0-B1FB-9E75AD1E55BA}.Debug|Any CPU.ActiveCfg = Debug|Any CPU
		{BB8DAA75-7BFB-45A0-B1FB-9E75AD1E55BA}.Debug|Any CPU.Build.0 = Debug|Any CPU
		{BB8DAA75-7BFB-45A0-B1FB-9E75AD1E55BA}.Release|Any CPU.ActiveCfg = Release|Any CPU
		{BB8DAA75-7BFB-45A0-B1FB-9E75AD1E55BA}.Release|Any CPU.Build.0 = Release|Any CPU
		{C1BB641F-74DC-4FF5-A0F5-D34C391AD079}.Debug|Any CPU.ActiveCfg = Debug|Any CPU
		{C1BB641F-74DC-4FF5-A0F5-D34C391AD079}.Debug|Any CPU.Build.0 = Debug|Any CPU
		{C1BB641F-74DC-4FF5-A0F5-D34C391AD079}.Release|Any CPU.ActiveCfg = Release|Any CPU
		{C1BB641F-74DC-4FF5-A0F5-D34C391AD079}.Release|Any CPU.Build.0 = Release|Any CPU
		{66A3DFD4-9D11-400D-899C-B5B4D2179A36}.Debug|Any CPU.ActiveCfg = Debug|Any CPU
		{66A3DFD4-9D11-400D-899C-B5B4D2179A36}.Debug|Any CPU.Build.0 = Debug|Any CPU
		{66A3DFD4-9D11-400D-899C-B5B4D2179A36}.Release|Any CPU.ActiveCfg = Release|Any CPU
		{66A3DFD4-9D11-400D-899C-B5B4D2179A36}.Release|Any CPU.Build.0 = Release|Any CPU
		{67BF5D01-5D58-488E-B751-59B35127906D}.Debug|Any CPU.ActiveCfg = Debug|Any CPU
		{67BF5D01-5D58-488E-B751-59B35127906D}.Debug|Any CPU.Build.0 = Debug|Any CPU
		{67BF5D01-5D58-488E-B751-59B35127906D}.Release|Any CPU.ActiveCfg = Release|Any CPU
		{67BF5D01-5D58-488E-B751-59B35127906D}.Release|Any CPU.Build.0 = Release|Any CPU
		{CCF788D3-80AD-4F4F-A57C-5940DD1C5FCC}.Debug|Any CPU.ActiveCfg = Debug|Any CPU
		{CCF788D3-80AD-4F4F-A57C-5940DD1C5FCC}.Debug|Any CPU.Build.0 = Debug|Any CPU
		{CCF788D3-80AD-4F4F-A57C-5940DD1C5FCC}.Release|Any CPU.ActiveCfg = Release|Any CPU
		{CCF788D3-80AD-4F4F-A57C-5940DD1C5FCC}.Release|Any CPU.Build.0 = Release|Any CPU
		{C6402FD7-5051-4BAF-B89A-44D538AB2A29}.Debug|Any CPU.ActiveCfg = Debug|Any CPU
		{C6402FD7-5051-4BAF-B89A-44D538AB2A29}.Debug|Any CPU.Build.0 = Debug|Any CPU
		{C6402FD7-5051-4BAF-B89A-44D538AB2A29}.Release|Any CPU.ActiveCfg = Release|Any CPU
		{C6402FD7-5051-4BAF-B89A-44D538AB2A29}.Release|Any CPU.Build.0 = Release|Any CPU
		{9FCBE2E4-8071-464F-BFF6-D113EF761EE1}.Debug|Any CPU.ActiveCfg = Debug|Any CPU
		{9FCBE2E4-8071-464F-BFF6-D113EF761EE1}.Debug|Any CPU.Build.0 = Debug|Any CPU
		{9FCBE2E4-8071-464F-BFF6-D113EF761EE1}.Release|Any CPU.ActiveCfg = Release|Any CPU
		{9FCBE2E4-8071-464F-BFF6-D113EF761EE1}.Release|Any CPU.Build.0 = Release|Any CPU
		{B304ADD4-768D-4687-9E2C-451ED833016C}.Debug|Any CPU.ActiveCfg = Debug|Any CPU
		{B304ADD4-768D-4687-9E2C-451ED833016C}.Debug|Any CPU.Build.0 = Debug|Any CPU
		{B304ADD4-768D-4687-9E2C-451ED833016C}.Release|Any CPU.ActiveCfg = Release|Any CPU
		{B304ADD4-768D-4687-9E2C-451ED833016C}.Release|Any CPU.Build.0 = Release|Any CPU
		{553B77C6-5836-487D-9136-0E4A6A239CD6}.Debug|Any CPU.ActiveCfg = Debug|Any CPU
		{553B77C6-5836-487D-9136-0E4A6A239CD6}.Debug|Any CPU.Build.0 = Debug|Any CPU
		{553B77C6-5836-487D-9136-0E4A6A239CD6}.Release|Any CPU.ActiveCfg = Release|Any CPU
		{553B77C6-5836-487D-9136-0E4A6A239CD6}.Release|Any CPU.Build.0 = Release|Any CPU
		{CB593158-3399-4C95-89BC-87E61A5EE450}.Debug|Any CPU.ActiveCfg = Debug|Any CPU
		{CB593158-3399-4C95-89BC-87E61A5EE450}.Debug|Any CPU.Build.0 = Debug|Any CPU
		{CB593158-3399-4C95-89BC-87E61A5EE450}.Release|Any CPU.ActiveCfg = Release|Any CPU
		{CB593158-3399-4C95-89BC-87E61A5EE450}.Release|Any CPU.Build.0 = Release|Any CPU
		{3911A19A-E4AB-4A58-83AB-7FFBF2984450}.Debug|Any CPU.ActiveCfg = Debug|Any CPU
		{3911A19A-E4AB-4A58-83AB-7FFBF2984450}.Debug|Any CPU.Build.0 = Debug|Any CPU
		{3911A19A-E4AB-4A58-83AB-7FFBF2984450}.Release|Any CPU.ActiveCfg = Release|Any CPU
		{3911A19A-E4AB-4A58-83AB-7FFBF2984450}.Release|Any CPU.Build.0 = Release|Any CPU
		{D47E033F-95B1-488B-88BC-C3A0304F08BA}.Debug|Any CPU.ActiveCfg = Debug|Any CPU
		{D47E033F-95B1-488B-88BC-C3A0304F08BA}.Debug|Any CPU.Build.0 = Debug|Any CPU
		{D47E033F-95B1-488B-88BC-C3A0304F08BA}.Release|Any CPU.ActiveCfg = Release|Any CPU
		{D47E033F-95B1-488B-88BC-C3A0304F08BA}.Release|Any CPU.Build.0 = Release|Any CPU
		{5AA98052-6840-40E6-8826-D0B69F946847}.Debug|Any CPU.ActiveCfg = Debug|Any CPU
		{5AA98052-6840-40E6-8826-D0B69F946847}.Debug|Any CPU.Build.0 = Debug|Any CPU
		{5AA98052-6840-40E6-8826-D0B69F946847}.Release|Any CPU.ActiveCfg = Release|Any CPU
		{5AA98052-6840-40E6-8826-D0B69F946847}.Release|Any CPU.Build.0 = Release|Any CPU
		{7341D55B-DE81-4262-B7EF-1E9951B3CC3D}.Debug|Any CPU.ActiveCfg = Debug|Any CPU
		{7341D55B-DE81-4262-B7EF-1E9951B3CC3D}.Debug|Any CPU.Build.0 = Debug|Any CPU
		{7341D55B-DE81-4262-B7EF-1E9951B3CC3D}.Release|Any CPU.ActiveCfg = Release|Any CPU
		{7341D55B-DE81-4262-B7EF-1E9951B3CC3D}.Release|Any CPU.Build.0 = Release|Any CPU
		{87D0AF12-8792-4FA8-A9DE-FFD007A42113}.Debug|Any CPU.ActiveCfg = Debug|Any CPU
		{87D0AF12-8792-4FA8-A9DE-FFD007A42113}.Debug|Any CPU.Build.0 = Debug|Any CPU
		{87D0AF12-8792-4FA8-A9DE-FFD007A42113}.Release|Any CPU.ActiveCfg = Release|Any CPU
		{87D0AF12-8792-4FA8-A9DE-FFD007A42113}.Release|Any CPU.Build.0 = Release|Any CPU
	EndGlobalSection
	GlobalSection(NestedProjects) = preSolution
		{E47F8D5E-B206-4C25-8654-9F890D326BCD} = {1D80A982-94E2-4C0A-8947-E36275CA6423}
		{CCF788D3-80AD-4F4F-A57C-5940DD1C5FCC} = {1D80A982-94E2-4C0A-8947-E36275CA6423}
		{C6402FD7-5051-4BAF-B89A-44D538AB2A29} = {1D80A982-94E2-4C0A-8947-E36275CA6423}
		{9FCBE2E4-8071-464F-BFF6-D113EF761EE1} = {1D80A982-94E2-4C0A-8947-E36275CA6423}
		{B304ADD4-768D-4687-9E2C-451ED833016C} = {1D80A982-94E2-4C0A-8947-E36275CA6423}
		{553B77C6-5836-487D-9136-0E4A6A239CD6} = {1D80A982-94E2-4C0A-8947-E36275CA6423}
		{CB593158-3399-4C95-89BC-87E61A5EE450} = {1D80A982-94E2-4C0A-8947-E36275CA6423}
		{3911A19A-E4AB-4A58-83AB-7FFBF2984450} = {1D80A982-94E2-4C0A-8947-E36275CA6423}
		{D47E033F-95B1-488B-88BC-C3A0304F08BA} = {1D80A982-94E2-4C0A-8947-E36275CA6423}
		{5AA98052-6840-40E6-8826-D0B69F946847} = {1D80A982-94E2-4C0A-8947-E36275CA6423}
		{7341D55B-DE81-4262-B7EF-1E9951B3CC3D} = {1D80A982-94E2-4C0A-8947-E36275CA6423}
		{9C2E5506-870D-4A85-827D-E337F661EEB7} = {1D80A982-94E2-4C0A-8947-E36275CA6423}
		{87D0AF12-8792-4FA8-A9DE-FFD007A42113} = {1D80A982-94E2-4C0A-8947-E36275CA6423}
		{BB8DAA75-7BFB-45A0-B1FB-9E75AD1E55BA} = {1D80A982-94E2-4C0A-8947-E36275CA6423}
		{C1BB641F-74DC-4FF5-A0F5-D34C391AD079} = {1D80A982-94E2-4C0A-8947-E36275CA6423}
		{66A3DFD4-9D11-400D-899C-B5B4D2179A36} = {1D80A982-94E2-4C0A-8947-E36275CA6423}
		{95B1C93B-3248-4AC6-B162-2FA59FA0FAE8} = {1D80A982-94E2-4C0A-8947-E36275CA6423}
		{67BF5D01-5D58-488E-B751-59B35127906D} = {1D80A982-94E2-4C0A-8947-E36275CA6423}
	EndGlobalSection
EndGlobal
