
Microsoft Visual Studio Solution File, Format Version 12.00
# Visual Studio 14
VisualStudioVersion = 14.0.25420.1
MinimumVisualStudioVersion = 10.0.40219.1
Project("{FAE04EC0-301F-11D3-BF4B-00C04F79EFBC}") = "GraphQL.GraphiQL", "GraphQL.GraphiQL\GraphQL.GraphiQL.csproj", "{EE557888-1CD2-4E87-BD87-06834C988B23}"
	ProjectSection(ProjectDependencies) = postProject
		{1DD5E10B-2361-467A-82AC-36EFB8C61A1D} = {1DD5E10B-2361-467A-82AC-36EFB8C61A1D}
	EndProjectSection
EndProject
Project("{8BB2217D-0F2D-49D1-97BC-3654ED321F3B}") = "GraphQL", "GraphQL\GraphQL.xproj", "{1DD5E10B-2361-467A-82AC-36EFB8C61A1D}"
EndProject
Project("{8BB2217D-0F2D-49D1-97BC-3654ED321F3B}") = "GraphQL.StarWars", "GraphQL.StarWars\GraphQL.StarWars.xproj", "{AE243087-3A7F-4BB3-9CE7-D95B2379C397}"
EndProject
Project("{8BB2217D-0F2D-49D1-97BC-3654ED321F3B}") = "GraphQL.Tests", "GraphQL.Tests\GraphQL.Tests.xproj", "{65E750AC-4701-45A8-97C0-822B1CC42C1E}"
EndProject
Project("{2150E333-8FDC-42A3-9474-1A3956D46DE8}") = "Solution Items", "Solution Items", "{C1C3FFFD-3369-42B1-BE2E-CA10AD9E2ADA}"
	ProjectSection(SolutionItems) = preProject
		CommonAssemblyInfo.cs = CommonAssemblyInfo.cs
	EndProjectSection
EndProject
Global
	GlobalSection(SolutionConfigurationPlatforms) = preSolution
		Debug|Any CPU = Debug|Any CPU
		Release|Any CPU = Release|Any CPU
	EndGlobalSection
	GlobalSection(ProjectConfigurationPlatforms) = postSolution
		{EE557888-1CD2-4E87-BD87-06834C988B23}.Debug|Any CPU.ActiveCfg = Debug|Any CPU
		{EE557888-1CD2-4E87-BD87-06834C988B23}.Debug|Any CPU.Build.0 = Debug|Any CPU
		{EE557888-1CD2-4E87-BD87-06834C988B23}.Release|Any CPU.ActiveCfg = Release|Any CPU
		{EE557888-1CD2-4E87-BD87-06834C988B23}.Release|Any CPU.Build.0 = Release|Any CPU
		{1DD5E10B-2361-467A-82AC-36EFB8C61A1D}.Debug|Any CPU.ActiveCfg = Debug|Any CPU
		{1DD5E10B-2361-467A-82AC-36EFB8C61A1D}.Debug|Any CPU.Build.0 = Debug|Any CPU
		{1DD5E10B-2361-467A-82AC-36EFB8C61A1D}.Release|Any CPU.ActiveCfg = Release|Any CPU
		{1DD5E10B-2361-467A-82AC-36EFB8C61A1D}.Release|Any CPU.Build.0 = Release|Any CPU
		{AE243087-3A7F-4BB3-9CE7-D95B2379C397}.Debug|Any CPU.ActiveCfg = Debug|Any CPU
		{AE243087-3A7F-4BB3-9CE7-D95B2379C397}.Debug|Any CPU.Build.0 = Debug|Any CPU
		{AE243087-3A7F-4BB3-9CE7-D95B2379C397}.Release|Any CPU.ActiveCfg = Release|Any CPU
		{AE243087-3A7F-4BB3-9CE7-D95B2379C397}.Release|Any CPU.Build.0 = Release|Any CPU
		{65E750AC-4701-45A8-97C0-822B1CC42C1E}.Debug|Any CPU.ActiveCfg = Debug|Any CPU
		{65E750AC-4701-45A8-97C0-822B1CC42C1E}.Debug|Any CPU.Build.0 = Debug|Any CPU
		{65E750AC-4701-45A8-97C0-822B1CC42C1E}.Release|Any CPU.ActiveCfg = Release|Any CPU
		{65E750AC-4701-45A8-97C0-822B1CC42C1E}.Release|Any CPU.Build.0 = Release|Any CPU
	EndGlobalSection
	GlobalSection(SolutionProperties) = preSolution
		HideSolutionNode = FALSE
	EndGlobalSection
EndGlobal
