
Microsoft Visual Studio Solution File, Format Version 12.00
# Visual Studio 15
VisualStudioVersion = 15.0.27130.2036
MinimumVisualStudioVersion = 10.0.40219.1
Project("{2150E333-8FDC-42A3-9474-1A3956D46DE8}") = "Solution Items", "Solution Items", "{C1C3FFFD-3369-42B1-BE2E-CA10AD9E2ADA}"
	ProjectSection(SolutionItems) = preProject
		CommonAssemblyInfo.cs = CommonAssemblyInfo.cs
		..\global.json = ..\global.json
	EndProjectSection
EndProject
Project("{9A19103F-16F7-4668-BE54-9A1E7A4F7556}") = "GraphQL", "GraphQL\GraphQL.csproj", "{1DD5E10B-2361-467A-82AC-36EFB8C61A1D}"
EndProject
Project("{9A19103F-16F7-4668-BE54-9A1E7A4F7556}") = "GraphQL.Tests", "GraphQL.Tests\GraphQL.Tests.csproj", "{65E750AC-4701-45A8-97C0-822B1CC42C1E}"
EndProject
Project("{9A19103F-16F7-4668-BE54-9A1E7A4F7556}") = "GraphQL.DataLoader.Tests", "GraphQL.DataLoader.Tests\GraphQL.DataLoader.Tests.csproj", "{21FA4059-CF8D-4A5B-8C1B-D4DB645311B9}"
EndProject
Project("{FAE04EC0-301F-11D3-BF4B-00C04F79EFBC}") = "GraphQL.Harness", "GraphQL.Harness\GraphQL.Harness.csproj", "{00D40874-DCB7-4D44-B2B0-F88EB1FAA28E}"
EndProject
Project("{9A19103F-16F7-4668-BE54-9A1E7A4F7556}") = "GraphQL.StarWars", "GraphQL.StarWars\GraphQL.StarWars.csproj", "{11A414C3-7847-4852-8A62-DCF8A438B938}"
EndProject
Project("{2150E333-8FDC-42A3-9474-1A3956D46DE8}") = "Tests", "Tests", "{BC80C071-B8B6-42D2-9CF8-6169C6169B74}"
EndProject
Project("{FAE04EC0-301F-11D3-BF4B-00C04F79EFBC}") = "GraphQL.Harness.Tests", "GraphQL.Harness.Tests\GraphQL.Harness.Tests.csproj", "{CB5C204A-FBE9-40CC-B4C7-A29E7E162DBE}"
EndProject
Global
	GlobalSection(SolutionConfigurationPlatforms) = preSolution
		Debug|Any CPU = Debug|Any CPU
		Release|Any CPU = Release|Any CPU
	EndGlobalSection
	GlobalSection(ProjectConfigurationPlatforms) = postSolution
		{1DD5E10B-2361-467A-82AC-36EFB8C61A1D}.Debug|Any CPU.ActiveCfg = Debug|Any CPU
		{1DD5E10B-2361-467A-82AC-36EFB8C61A1D}.Debug|Any CPU.Build.0 = Debug|Any CPU
		{1DD5E10B-2361-467A-82AC-36EFB8C61A1D}.Release|Any CPU.ActiveCfg = Release|Any CPU
		{1DD5E10B-2361-467A-82AC-36EFB8C61A1D}.Release|Any CPU.Build.0 = Release|Any CPU
		{65E750AC-4701-45A8-97C0-822B1CC42C1E}.Debug|Any CPU.ActiveCfg = Debug|Any CPU
		{65E750AC-4701-45A8-97C0-822B1CC42C1E}.Debug|Any CPU.Build.0 = Debug|Any CPU
		{65E750AC-4701-45A8-97C0-822B1CC42C1E}.Release|Any CPU.ActiveCfg = Release|Any CPU
		{65E750AC-4701-45A8-97C0-822B1CC42C1E}.Release|Any CPU.Build.0 = Release|Any CPU
		{21FA4059-CF8D-4A5B-8C1B-D4DB645311B9}.Debug|Any CPU.ActiveCfg = Debug|Any CPU
		{21FA4059-CF8D-4A5B-8C1B-D4DB645311B9}.Debug|Any CPU.Build.0 = Debug|Any CPU
		{21FA4059-CF8D-4A5B-8C1B-D4DB645311B9}.Release|Any CPU.ActiveCfg = Release|Any CPU
		{21FA4059-CF8D-4A5B-8C1B-D4DB645311B9}.Release|Any CPU.Build.0 = Release|Any CPU
		{00D40874-DCB7-4D44-B2B0-F88EB1FAA28E}.Debug|Any CPU.ActiveCfg = Debug|Any CPU
		{00D40874-DCB7-4D44-B2B0-F88EB1FAA28E}.Debug|Any CPU.Build.0 = Debug|Any CPU
		{00D40874-DCB7-4D44-B2B0-F88EB1FAA28E}.Release|Any CPU.ActiveCfg = Release|Any CPU
		{00D40874-DCB7-4D44-B2B0-F88EB1FAA28E}.Release|Any CPU.Build.0 = Release|Any CPU
		{11A414C3-7847-4852-8A62-DCF8A438B938}.Debug|Any CPU.ActiveCfg = Debug|Any CPU
		{11A414C3-7847-4852-8A62-DCF8A438B938}.Debug|Any CPU.Build.0 = Debug|Any CPU
		{11A414C3-7847-4852-8A62-DCF8A438B938}.Release|Any CPU.ActiveCfg = Release|Any CPU
		{11A414C3-7847-4852-8A62-DCF8A438B938}.Release|Any CPU.Build.0 = Release|Any CPU
		{CB5C204A-FBE9-40CC-B4C7-A29E7E162DBE}.Debug|Any CPU.ActiveCfg = Debug|Any CPU
		{CB5C204A-FBE9-40CC-B4C7-A29E7E162DBE}.Debug|Any CPU.Build.0 = Debug|Any CPU
		{CB5C204A-FBE9-40CC-B4C7-A29E7E162DBE}.Release|Any CPU.ActiveCfg = Release|Any CPU
		{CB5C204A-FBE9-40CC-B4C7-A29E7E162DBE}.Release|Any CPU.Build.0 = Release|Any CPU
	EndGlobalSection
	GlobalSection(SolutionProperties) = preSolution
		HideSolutionNode = FALSE
	EndGlobalSection
	GlobalSection(NestedProjects) = preSolution
		{65E750AC-4701-45A8-97C0-822B1CC42C1E} = {BC80C071-B8B6-42D2-9CF8-6169C6169B74}
		{21FA4059-CF8D-4A5B-8C1B-D4DB645311B9} = {BC80C071-B8B6-42D2-9CF8-6169C6169B74}
		{CB5C204A-FBE9-40CC-B4C7-A29E7E162DBE} = {BC80C071-B8B6-42D2-9CF8-6169C6169B74}
	EndGlobalSection
	GlobalSection(ExtensibilityGlobals) = postSolution
		SolutionGuid = {61AAA7F9-9D46-4050-A3A5-F4358BBD95B8}
	EndGlobalSection
EndGlobal
