
Microsoft Visual Studio Solution File, Format Version 12.00
# Visual Studio 15
VisualStudioVersion = 15.0.26430.16
MinimumVisualStudioVersion = 10.0.40219.1
Project("{2150E333-8FDC-42A3-9474-1A3956D46DE8}") = "Solution Items", "Solution Items", "{C1C3FFFD-3369-42B1-BE2E-CA10AD9E2ADA}"
	ProjectSection(SolutionItems) = preProject
		CommonAssemblyInfo.cs = CommonAssemblyInfo.cs
	EndProjectSection
EndProject
Project("{FAE04EC0-301F-11D3-BF4B-00C04F79EFBC}") = "GraphQL.GraphiQL", "GraphQL.GraphiQL\GraphQL.GraphiQL.csproj", "{EE557888-1CD2-4E87-BD87-06834C988B23}"
	ProjectSection(ProjectDependencies) = postProject
		{1DD5E10B-2361-467A-82AC-36EFB8C61A1D} = {1DD5E10B-2361-467A-82AC-36EFB8C61A1D}
	EndProjectSection
EndProject
Project("{9A19103F-16F7-4668-BE54-9A1E7A4F7556}") = "GraphQL", "GraphQL\GraphQL.csproj", "{1DD5E10B-2361-467A-82AC-36EFB8C61A1D}"
EndProject
Project("{9A19103F-16F7-4668-BE54-9A1E7A4F7556}") = "GraphQL.StarWars", "GraphQL.StarWars\GraphQL.StarWars.csproj", "{AE243087-3A7F-4BB3-9CE7-D95B2379C397}"
EndProject
Project("{9A19103F-16F7-4668-BE54-9A1E7A4F7556}") = "GraphQL.Tests", "GraphQL.Tests\GraphQL.Tests.csproj", "{65E750AC-4701-45A8-97C0-822B1CC42C1E}"
EndProject
Project("{9A19103F-16F7-4668-BE54-9A1E7A4F7556}") = "GraphQL.GraphiQLCore", "GraphQL.GraphiQLCore\GraphQL.GraphiQLCore.csproj", "{487A7A85-31E1-4B1E-BAAA-F8E723AFEE89}"
EndProject
Project("{2150E333-8FDC-42A3-9474-1A3956D46DE8}") = "Examples", "Examples", "{F515FCA3-BD5F-485A-8BDE-E3E5E1FE33B6}"
EndProject
Project("{FAE04EC0-301F-11D3-BF4B-00C04F79EFBC}") = "GraphQL.Tools", "GraphQL.Tools\GraphQL.Tools.csproj", "{5E0C57D4-D250-4145-AE7F-6F761CB87DA9}"
EndProject
Project("{FAE04EC0-301F-11D3-BF4B-00C04F79EFBC}") = "GraphQL.Tools.Tests", "GraphQL.Tools.Tests\GraphQL.Tools.Tests.csproj", "{0C71F174-ED37-4CA8-BCAD-828E68F3B04E}"
EndProject
Global
	GlobalSection(SolutionConfigurationPlatforms) = preSolution
		Debug|Any CPU = Debug|Any CPU
		Release|Any CPU = Release|Any CPU
	EndGlobalSection
	GlobalSection(ProjectConfigurationPlatforms) = postSolution
		{EE557888-1CD2-4E87-BD87-06834C988B23}.Debug|Any CPU.ActiveCfg = Debug|Any CPU
		{EE557888-1CD2-4E87-BD87-06834C988B23}.Debug|Any CPU.Build.0 = Debug|Any CPU
		{EE557888-1CD2-4E87-BD87-06834C988B23}.Release|Any CPU.ActiveCfg = Release|Any CPU
		{EE557888-1CD2-4E87-BD87-06834C988B23}.Release|Any CPU.Build.0 = Release|Any CPU
		{1DD5E10B-2361-467A-82AC-36EFB8C61A1D}.Debug|Any CPU.ActiveCfg = Debug|Any CPU
		{1DD5E10B-2361-467A-82AC-36EFB8C61A1D}.Debug|Any CPU.Build.0 = Debug|Any CPU
		{1DD5E10B-2361-467A-82AC-36EFB8C61A1D}.Release|Any CPU.ActiveCfg = Release|Any CPU
		{1DD5E10B-2361-467A-82AC-36EFB8C61A1D}.Release|Any CPU.Build.0 = Release|Any CPU
		{AE243087-3A7F-4BB3-9CE7-D95B2379C397}.Debug|Any CPU.ActiveCfg = Debug|Any CPU
		{AE243087-3A7F-4BB3-9CE7-D95B2379C397}.Debug|Any CPU.Build.0 = Debug|Any CPU
		{AE243087-3A7F-4BB3-9CE7-D95B2379C397}.Release|Any CPU.ActiveCfg = Release|Any CPU
		{AE243087-3A7F-4BB3-9CE7-D95B2379C397}.Release|Any CPU.Build.0 = Release|Any CPU
		{65E750AC-4701-45A8-97C0-822B1CC42C1E}.Debug|Any CPU.ActiveCfg = Debug|Any CPU
		{65E750AC-4701-45A8-97C0-822B1CC42C1E}.Debug|Any CPU.Build.0 = Debug|Any CPU
		{65E750AC-4701-45A8-97C0-822B1CC42C1E}.Release|Any CPU.ActiveCfg = Release|Any CPU
		{65E750AC-4701-45A8-97C0-822B1CC42C1E}.Release|Any CPU.Build.0 = Release|Any CPU
		{487A7A85-31E1-4B1E-BAAA-F8E723AFEE89}.Debug|Any CPU.ActiveCfg = Debug|Any CPU
		{487A7A85-31E1-4B1E-BAAA-F8E723AFEE89}.Debug|Any CPU.Build.0 = Debug|Any CPU
		{487A7A85-31E1-4B1E-BAAA-F8E723AFEE89}.Release|Any CPU.ActiveCfg = Release|Any CPU
		{487A7A85-31E1-4B1E-BAAA-F8E723AFEE89}.Release|Any CPU.Build.0 = Release|Any CPU
		{5E0C57D4-D250-4145-AE7F-6F761CB87DA9}.Debug|Any CPU.ActiveCfg = Debug|Any CPU
		{5E0C57D4-D250-4145-AE7F-6F761CB87DA9}.Debug|Any CPU.Build.0 = Debug|Any CPU
		{5E0C57D4-D250-4145-AE7F-6F761CB87DA9}.Release|Any CPU.ActiveCfg = Release|Any CPU
		{5E0C57D4-D250-4145-AE7F-6F761CB87DA9}.Release|Any CPU.Build.0 = Release|Any CPU
		{0C71F174-ED37-4CA8-BCAD-828E68F3B04E}.Debug|Any CPU.ActiveCfg = Debug|Any CPU
		{0C71F174-ED37-4CA8-BCAD-828E68F3B04E}.Debug|Any CPU.Build.0 = Debug|Any CPU
		{0C71F174-ED37-4CA8-BCAD-828E68F3B04E}.Release|Any CPU.ActiveCfg = Release|Any CPU
		{0C71F174-ED37-4CA8-BCAD-828E68F3B04E}.Release|Any CPU.Build.0 = Release|Any CPU
	EndGlobalSection
	GlobalSection(SolutionProperties) = preSolution
		HideSolutionNode = FALSE
	EndGlobalSection
	GlobalSection(NestedProjects) = preSolution
		{EE557888-1CD2-4E87-BD87-06834C988B23} = {F515FCA3-BD5F-485A-8BDE-E3E5E1FE33B6}
		{AE243087-3A7F-4BB3-9CE7-D95B2379C397} = {F515FCA3-BD5F-485A-8BDE-E3E5E1FE33B6}
		{487A7A85-31E1-4B1E-BAAA-F8E723AFEE89} = {F515FCA3-BD5F-485A-8BDE-E3E5E1FE33B6}
	EndGlobalSection
EndGlobal
